{
  "name": "@token-shrinker/claude-code-plugin",
  "version": "0.2.0",
  "lockfileVersion": 3,
  "requires": true,
  "packages": {
    "": {
      "name": "@token-shrinker/claude-code-plugin",
      "version": "0.2.0",
      "license": "Apache-2.0",
      "dependencies": {
        "@token-shrinker/cli": "0.2.0"
      }
    },
    "node_modules/@token-shrinker/cli": {
      "version": "0.2.0",
      "resolved": "https://registry.npmjs.org/@token-shrinker/cli/-/cli-0.2.0.tgz",
      "integrity": "sha512-VDHFglre3yNduqH9v8v3Sb/C2vQnrwB3/EGKac3n5hqtfVE5PwYxmqEX4RgS+vNSOb79eczNUgXWL8CSQ9kJow==",
      "license": "Apache-2.0",
      "bin": {
        "token-shrinker": "dist/index.js"
      },
      "engines": {
        "node": ">=24 <25"
      },
      "optionalDependencies": {
        "@token-shrinker/cli-darwin-arm64": "0.2.0",
        "@token-shrinker/cli-darwin-x64": "0.2.0",
        "@token-shrinker/cli-linux-x64-gnu": "0.2.0",
        "@token-shrinker/cli-win32-x64": "0.2.0"
      }
    },
    "node_modules/@token-shrinker/cli-darwin-arm64": {
      "version": "0.2.0",
      "resolved": "https://registry.npmjs.org/@token-shrinker/cli-darwin-arm64/-/cli-darwin-arm64-0.2.0.tgz",
      "integrity": "sha512-xcyQsqnrANWkLMIHDY6jJvSdNcXVdH28yLQksnfLJpRcl5AeGaS5VrvOZZ5M0PO0dxNZMqCirqY5v5sRp3p0ag==",
      "cpu": [
        "arm64"
      ],
      "license": "Apache-2.0",
      "optional": true,
      "os": [
        "darwin"
      ]
    },
    "node_modules/@token-shrinker/cli-darwin-x64": {
      "version": "0.2.0",
      "resolved": "https://registry.npmjs.org/@token-shrinker/cli-darwin-x64/-/cli-darwin-x64-0.2.0.tgz",
      "integrity": "sha512-NlHA0ftReMorzWtjqVlaWX9v9TSm9zRuZFzQH2R2XgXSFvId6vqjSy5lnBnABIU2NlvBbUdYOJjxzrTWChsgtw==",
      "cpu": [
        "x64"
      ],
      "license": "Apache-2.0",
      "optional": true,
      "os": [
        "darwin"
      ]
    },
    "node_modules/@token-shrinker/cli-linux-x64-gnu": {
      "version": "0.2.0",
      "resolved": "https://registry.npmjs.org/@token-shrinker/cli-linux-x64-gnu/-/cli-linux-x64-gnu-0.2.0.tgz",
      "integrity": "sha512-NP5NgtLVFmgen6UxCy6r8IEffbTBX7Z5zkPA6Wy3b4KXn4d4+1Ck685VzEnQeKnRXfRMSeN7OlHWp0m3QV0M/w==",
      "cpu": [
        "x64"
      ],
      "license": "Apache-2.0",
      "optional": true,
      "os": [
        "linux"
      ]
    },
    "node_modules/@token-shrinker/cli-win32-x64": {
      "version": "0.2.0",
      "resolved": "https://registry.npmjs.org/@token-shrinker/cli-win32-x64/-/cli-win32-x64-0.2.0.tgz",
      "integrity": "sha512-g0y19lg8q9qbjmQOBl+J5ghyFfj2X+6vYjD2dIoTsM8auu9M9ytIrEQqBr55PZhGqCB15XBvHHn66zkV58TVxQ==",
      "cpu": [
        "x64"
      ],
      "license": "Apache-2.0",
      "optional": true,
      "os": [
        "win32"
      ]
    }
  }
}
