{
  "name": "@token-shrinker/claude-code-plugin",
  "version": "0.1.1",
  "lockfileVersion": 3,
  "requires": true,
  "packages": {
    "": {
      "name": "@token-shrinker/claude-code-plugin",
      "version": "0.1.1",
      "license": "Apache-2.0",
      "dependencies": {
        "@token-shrinker/cli": "0.1.1"
      }
    },
    "node_modules/@token-shrinker/cli": {
      "version": "0.1.1",
      "resolved": "https://registry.npmjs.org/@token-shrinker/cli/-/cli-0.1.1.tgz",
      "integrity": "sha512-WZTMH0AMh3bFHmtRsnb51uC+NwQ/waHXudzeIBXuDK88bTW3ycXDoR/7+PeRYnS4XVTZZ07Ok/Db03y7mpcFeQ==",
      "license": "Apache-2.0",
      "bin": {
        "token-shrinker": "dist/index.js"
      },
      "engines": {
        "node": ">=24 <25"
      },
      "optionalDependencies": {
        "@token-shrinker/cli-darwin-arm64": "0.1.1",
        "@token-shrinker/cli-darwin-x64": "0.1.1",
        "@token-shrinker/cli-linux-x64-gnu": "0.1.1",
        "@token-shrinker/cli-win32-x64": "0.1.1"
      }
    },
    "node_modules/@token-shrinker/cli-darwin-arm64": {
      "version": "0.1.1",
      "resolved": "https://registry.npmjs.org/@token-shrinker/cli-darwin-arm64/-/cli-darwin-arm64-0.1.1.tgz",
      "integrity": "sha512-C8LevBR+T5xtUTwXHNHqtYg1cWlP+LQIAEaFSgOnNuX7QKaLfP+J1t4pv5oFWCyLZUtFF8ZNDbjZlECxZGuW3A==",
      "cpu": [
        "arm64"
      ],
      "license": "Apache-2.0",
      "optional": true,
      "os": [
        "darwin"
      ]
    },
    "node_modules/@token-shrinker/cli-darwin-x64": {
      "version": "0.1.1",
      "resolved": "https://registry.npmjs.org/@token-shrinker/cli-darwin-x64/-/cli-darwin-x64-0.1.1.tgz",
      "integrity": "sha512-vS/hrW4mbW8gQKY2DuR8hqQCFi/W6HaVy3gcq8T8L7tSAxnATRoxFtwL2iD9C4HZEMnrJxpoxjgsD7kIIrA1Ug==",
      "cpu": [
        "x64"
      ],
      "license": "Apache-2.0",
      "optional": true,
      "os": [
        "darwin"
      ]
    },
    "node_modules/@token-shrinker/cli-linux-x64-gnu": {
      "version": "0.1.1",
      "resolved": "https://registry.npmjs.org/@token-shrinker/cli-linux-x64-gnu/-/cli-linux-x64-gnu-0.1.1.tgz",
      "integrity": "sha512-zuHjfWKGl5BqHlUSzCgijjHiBDeRvf1nYfw/twHGB4uVKYVV2gdbsAtr4f66VRtosX3xkx5yfF2YiFnn2mQ4NA==",
      "cpu": [
        "x64"
      ],
      "license": "Apache-2.0",
      "optional": true,
      "os": [
        "linux"
      ]
    },
    "node_modules/@token-shrinker/cli-win32-x64": {
      "version": "0.1.1",
      "resolved": "https://registry.npmjs.org/@token-shrinker/cli-win32-x64/-/cli-win32-x64-0.1.1.tgz",
      "integrity": "sha512-NsbihxwiCu2S+P6aNgaFwoWrI3smvcBohsSiwS+uGZnOZPmk1Z7wJPHdocpSJG8x2DvQtGsBQ8Qw8/A2gqSwmw==",
      "cpu": [
        "x64"
      ],
      "license": "Apache-2.0",
      "optional": true,
      "os": [
        "win32"
      ]
    }
  }
}
